
Microsoft Visual Studio Solution File, Format Version 12.00
# Visual Studio Version 17
VisualStudioVersion = 17.1.32421.90
MinimumVisualStudioVersion = 10.0.40219.1
Project("{FAE04EC0-301F-11D3-BF4B-00C04F79EFBC}") = "EntityFrameworkCore", "EntityFrameworkCore\EntityFrameworkCore.csproj", "{DDB257B1-885C-4B66-9177-92F864DAC7EE}"
EndProject
Global
	GlobalSection(SolutionConfigurationPlatforms) = preSolution
		Debug|Any CPU = Debug|Any CPU
		Release|Any CPU = Release|Any CPU
	EndGlobalSection
	GlobalSection(ProjectConfigurationPlatforms) = postSolution
		{DDB257B1-885C-4B66-9177-92F864DAC7EE}.Debug|Any CPU.ActiveCfg = Debug|Any CPU
		{DDB257B1-885C-4B66-9177-92F864DAC7EE}.Debug|Any CPU.Build.0 = Debug|Any CPU
		{DDB257B1-885C-4B66-9177-92F864DAC7EE}.Release|Any CPU.ActiveCfg = Release|Any CPU
		{DDB257B1-885C-4B66-9177-92F864DAC7EE}.Release|Any CPU.Build.0 = Release|Any CPU
	EndGlobalSection
	GlobalSection(SolutionProperties) = preSolution
		HideSolutionNode = FALSE
	EndGlobalSection
	GlobalSection(ExtensibilityGlobals) = postSolution
		SolutionGuid = {C5888B47-FB2F-414A-8A24-8B135392388E}
	EndGlobalSection
EndGlobal
